
Microsoft Visual Studio Solution File, Format Version 12.00
# Visual Studio Version 17
VisualStudioVersion = 17.2.32602.215
MinimumVisualStudioVersion = 10.0.40219.1
Project("{FAE04EC0-301F-11D3-BF4B-00C04F79EFBC}") = "FileRandomizer", "FileRandomizer\FileRandomizer.csproj", "{A434347C-802A-4D45-94E4-EBE29D45E763}"
EndProject
Global
	GlobalSection(SolutionConfigurationPlatforms) = preSolution
		Debug|Any CPU = Debug|Any CPU
		Release|Any CPU = Release|Any CPU
	EndGlobalSection
	GlobalSection(ProjectConfigurationPlatforms) = postSolution
		{A434347C-802A-4D45-94E4-EBE29D45E763}.Debug|Any CPU.ActiveCfg = Debug|Any CPU
		{A434347C-802A-4D45-94E4-EBE29D45E763}.Debug|Any CPU.Build.0 = Debug|Any CPU
		{A434347C-802A-4D45-94E4-EBE29D45E763}.Release|Any CPU.ActiveCfg = Release|Any CPU
		{A434347C-802A-4D45-94E4-EBE29D45E763}.Release|Any CPU.Build.0 = Release|Any CPU
	EndGlobalSection
	GlobalSection(SolutionProperties) = preSolution
		HideSolutionNode = FALSE
	EndGlobalSection
	GlobalSection(ExtensibilityGlobals) = postSolution
		SolutionGuid = {8DA7BD22-BFAF-4E0B-88A1-BDA05570B1DD}
	EndGlobalSection
EndGlobal
